
Microsoft Visual Studio Solution File, Format Version 12.00
# Visual Studio Version 16
VisualStudioVersion = 16.0.30717.126
MinimumVisualStudioVersion = 10.0.40219.1
Project("{FAE04EC0-301F-11D3-BF4B-00C04F79EFBC}") = "LineEndingsReplacer", "LineEndingsReplacer\LineEndingsReplacer.csproj", "{BAA89140-CA06-486A-83BA-622BA45EEA81}"
EndProject
Project("{2150E333-8FDC-42A3-9474-1A3956D46DE8}") = "General", "General", "{1026FED7-A1C8-4514-B523-3C189C5F8033}"
	ProjectSection(SolutionItems) = preProject
		.editorconfig = .editorconfig
		clean.cmd = clean.cmd
	EndProjectSection
EndProject
Project("{FAE04EC0-301F-11D3-BF4B-00C04F79EFBC}") = "LineEndingsReplacerTests", "LineEndingsReplacerTests\LineEndingsReplacerTests.csproj", "{2AAC0181-4C1C-4B37-987B-F0DAD5AD5256}"
EndProject
Global
	GlobalSection(SolutionConfigurationPlatforms) = preSolution
		Debug|Any CPU = Debug|Any CPU
		Release|Any CPU = Release|Any CPU
	EndGlobalSection
	GlobalSection(ProjectConfigurationPlatforms) = postSolution
		{BAA89140-CA06-486A-83BA-622BA45EEA81}.Debug|Any CPU.ActiveCfg = Debug|Any CPU
		{BAA89140-CA06-486A-83BA-622BA45EEA81}.Debug|Any CPU.Build.0 = Debug|Any CPU
		{BAA89140-CA06-486A-83BA-622BA45EEA81}.Release|Any CPU.ActiveCfg = Release|Any CPU
		{BAA89140-CA06-486A-83BA-622BA45EEA81}.Release|Any CPU.Build.0 = Release|Any CPU
		{2AAC0181-4C1C-4B37-987B-F0DAD5AD5256}.Debug|Any CPU.ActiveCfg = Debug|Any CPU
		{2AAC0181-4C1C-4B37-987B-F0DAD5AD5256}.Debug|Any CPU.Build.0 = Debug|Any CPU
		{2AAC0181-4C1C-4B37-987B-F0DAD5AD5256}.Release|Any CPU.ActiveCfg = Release|Any CPU
		{2AAC0181-4C1C-4B37-987B-F0DAD5AD5256}.Release|Any CPU.Build.0 = Release|Any CPU
	EndGlobalSection
	GlobalSection(SolutionProperties) = preSolution
		HideSolutionNode = FALSE
	EndGlobalSection
	GlobalSection(ExtensibilityGlobals) = postSolution
		SolutionGuid = {6B8C8338-8F57-4B77-86B5-26CB55638F55}
	EndGlobalSection
EndGlobal
